<?xml version="1.0" encoding="utf-8"?>
<Project ToolsVersion="4.0" xmlns="http://schemas.microsoft.com/developer/msbuild/2003">
  <ItemGroup>
    <Filter Include="Source Files">
      <UniqueIdentifier>{2a7e1d18-abb7-47c0-9bc4-6f5a365130f9}</UniqueIdentifier>
      <Extensions>cpp;c;cxx;rc;def;r;odl;idl;hpj;bat</Extensions>
    </Filter>
    <Filter Include="Header Files">
      <UniqueIdentifier>{45a717f8-49d7-4c86-918f-9a457182fe6c}</UniqueIdentifier>
      <Extensions>h;hpp;hxx;hm;inl</Extensions>
    </Filter>
    <Filter Include="Resource Files">
      <UniqueIdentifier>{6f33be9c-df3f-4eee-b230-8fa9b23ddefa}</UniqueIdentifier>
      <Extensions>ico;cur;bmp;dlg;rc2;rct;bin;rgs;gif;jpg;jpeg;jpe</Extensions>
    </Filter>
  </ItemGroup>
  <ItemGroup>
    <ClCompile Include="Composite.cpp">
      <Filter>Source Files</Filter>
    </ClCompile>
    <ClCompile Include="CompositeFactorEvent.cpp">
      <Filter>Source Files</Filter>
    </ClCompile>
    <ClCompile Include="DBInterface.cpp">
      <Filter>Source Files</Filter>
    </ClCompile>
    <ClCompile Include="ecmserver.cpp">
      <Filter>Source Files</Filter>
    </ClCompile>
    <ClCompile Include="eval.c">
      <Filter>Source Files</Filter>
    </ClCompile>
    <ClCompile Include="HelperSocket.cpp">
      <Filter>Source Files</Filter>
    </ClCompile>
    <ClCompile Include="HelperThread.cpp">
      <Filter>Source Files</Filter>
    </ClCompile>
    <ClCompile Include="HTMLGenerator.cpp">
      <Filter>Source Files</Filter>
    </ClCompile>
    <ClCompile Include="IAmAMaster.cpp">
      <Filter>Source Files</Filter>
    </ClCompile>
    <ClCompile Include="IAmASlave.cpp">
      <Filter>Source Files</Filter>
    </ClCompile>
    <ClCompile Include="KeepAliveThread.cpp">
      <Filter>Source Files</Filter>
    </ClCompile>
    <ClCompile Include="Log.cpp">
      <Filter>Source Files</Filter>
    </ClCompile>
    <ClCompile Include="Mail.cpp">
      <Filter>Source Files</Filter>
    </ClCompile>
    <ClCompile Include="MailSocket.cpp">
      <Filter>Source Files</Filter>
    </ClCompile>
    <ClCompile Include="MasterComposite.cpp">
      <Filter>Source Files</Filter>
    </ClCompile>
    <ClCompile Include="ServerSocket.cpp">
      <Filter>Source Files</Filter>
    </ClCompile>
    <ClCompile Include="ServerThread.cpp">
      <Filter>Source Files</Filter>
    </ClCompile>
    <ClCompile Include="SharedMemoryItem.cpp">
      <Filter>Source Files</Filter>
    </ClCompile>
    <ClCompile Include="SlaveSocket.cpp">
      <Filter>Source Files</Filter>
    </ClCompile>
    <ClCompile Include="Socket.cpp">
      <Filter>Source Files</Filter>
    </ClCompile>
    <ClCompile Include="SQLStatement.cpp">
      <Filter>Source Files</Filter>
    </ClCompile>
    <ClCompile Include="UpgradeFromV2.cpp">
      <Filter>Source Files</Filter>
    </ClCompile>
    <ClCompile Include="UserStats.cpp">
      <Filter>Source Files</Filter>
    </ClCompile>
    <ClCompile Include="WorkReceiver.cpp">
      <Filter>Source Files</Filter>
    </ClCompile>
    <ClCompile Include="WorkSender.cpp">
      <Filter>Source Files</Filter>
    </ClCompile>
    <ClCompile Include="getprime.c">
      <Filter>Header Files</Filter>
    </ClCompile>
  </ItemGroup>
  <ItemGroup>
    <ClInclude Include="Composite.h">
      <Filter>Header Files</Filter>
    </ClInclude>
    <ClInclude Include="CompositeFactorEvent.h">
      <Filter>Header Files</Filter>
    </ClInclude>
    <ClInclude Include="DBInterface.h">
      <Filter>Header Files</Filter>
    </ClInclude>
    <ClInclude Include="defs.h">
      <Filter>Header Files</Filter>
    </ClInclude>
    <ClInclude Include="HelperSocket.h">
      <Filter>Header Files</Filter>
    </ClInclude>
    <ClInclude Include="HelperThread.h">
      <Filter>Header Files</Filter>
    </ClInclude>
    <ClInclude Include="HTMLGenerator.h">
      <Filter>Header Files</Filter>
    </ClInclude>
    <ClInclude Include="IAmAMaster.h">
      <Filter>Header Files</Filter>
    </ClInclude>
    <ClInclude Include="IAmASlave.h">
      <Filter>Header Files</Filter>
    </ClInclude>
    <ClInclude Include="KeepAliveThread.h">
      <Filter>Header Files</Filter>
    </ClInclude>
    <ClInclude Include="Log.h">
      <Filter>Header Files</Filter>
    </ClInclude>
    <ClInclude Include="Mail.h">
      <Filter>Header Files</Filter>
    </ClInclude>
    <ClInclude Include="MailSocket.h">
      <Filter>Header Files</Filter>
    </ClInclude>
    <ClInclude Include="MasterComposite.h">
      <Filter>Header Files</Filter>
    </ClInclude>
    <ClInclude Include="server.h">
      <Filter>Header Files</Filter>
    </ClInclude>
    <ClInclude Include="ServerSocket.h">
      <Filter>Header Files</Filter>
    </ClInclude>
    <ClInclude Include="ServerThread.h">
      <Filter>Header Files</Filter>
    </ClInclude>
    <ClInclude Include="SharedMemoryItem.h">
      <Filter>Header Files</Filter>
    </ClInclude>
    <ClInclude Include="SlaveSocket.h">
      <Filter>Header Files</Filter>
    </ClInclude>
    <ClInclude Include="Socket.h">
      <Filter>Header Files</Filter>
    </ClInclude>
    <ClInclude Include="SQLStatement.h">
      <Filter>Header Files</Filter>
    </ClInclude>
    <ClInclude Include="Thread.h">
      <Filter>Header Files</Filter>
    </ClInclude>
    <ClInclude Include="UpgradeFromV2.h">
      <Filter>Header Files</Filter>
    </ClInclude>
    <ClInclude Include="UserStats.h">
      <Filter>Header Files</Filter>
    </ClInclude>
    <ClInclude Include="WorkReceiver.h">
      <Filter>Header Files</Filter>
    </ClInclude>
    <ClInclude Include="WorkSender.h">
      <Filter>Header Files</Filter>
    </ClInclude>
  </ItemGroup>
</Project>